
Microsoft Visual Studio Solution File, Format Version 12.00
Project("{FAE04EC0-301F-11D3-BF4B-00C04F79EFBC}") = "BoxFactoryAPI", "BoxFactoryAPI\BoxFactoryAPI.csproj", "{D5F0A383-ED88-498B-A609-A101A6F77337}"
EndProject
Project("{FAE04EC0-301F-11D3-BF4B-00C04F79EFBC}") = "Infrastructure", "Infrastructure\Infrastructure.csproj", "{AA68FFCF-6F55-4CE9-9752-7E730A7BAF0A}"
EndProject
Project("{FAE04EC0-301F-11D3-BF4B-00C04F79EFBC}") = "Core", "Core\Core.csproj", "{FFD815B6-795E-4336-8699-759E0A2612F1}"
EndProject
Project("{FAE04EC0-301F-11D3-BF4B-00C04F79EFBC}") = "Models", "Models\Models.csproj", "{900D2DE4-BE34-4E8D-9156-F27AF777889F}"
EndProject
Project("{2150E333-8FDC-42A3-9474-1A3956D46DE8}") = "Solution Items", "Solution Items", "{D1F2798D-5893-46A9-AF52-1E62589772B6}"
	ProjectSection(SolutionItems) = preProject
		compose.yaml = compose.yaml
		global.json = global.json
		Makefile = Makefile
		README.md = README.md
	EndProjectSection
EndProject
Project("{2150E333-8FDC-42A3-9474-1A3956D46DE8}") = "Test", "Test", "{59A9BA47-9759-477B-9E83-140F1801504A}"
EndProject
Project("{FAE04EC0-301F-11D3-BF4B-00C04F79EFBC}") = "Core.UnitTests", "Core.UnitTests\Core.UnitTests.csproj", "{F139558B-9292-4255-BAD3-DEB34ECA0DC8}"
EndProject
Project("{FAE04EC0-301F-11D3-BF4B-00C04F79EFBC}") = "BoxFactory.IntegrationTests", "BoxFactory.IntegrationTests\BoxFactory.IntegrationTests.csproj", "{0C03C60B-B274-432D-A643-DA33A52D63C3}"
EndProject
Project("{FAE04EC0-301F-11D3-BF4B-00C04F79EFBC}") = "BoxFactory.BDDTests", "BoxFactory.BDDTests\BoxFactory.BDDTests.csproj", "{C74DBDDA-F17F-4C3E-B9DE-8C0DD0A6FA27}"
EndProject
Project("{FAE04EC0-301F-11D3-BF4B-00C04F79EFBC}") = "TestUtils", "TestUtils\TestUtils.csproj", "{0F6361FD-6BB2-4AFC-A994-435ADA815EDB}"
EndProject
Global
	GlobalSection(SolutionConfigurationPlatforms) = preSolution
		Debug|Any CPU = Debug|Any CPU
		Debug|x64 = Debug|x64
		Debug|x86 = Debug|x86
		Release|Any CPU = Release|Any CPU
		Release|x64 = Release|x64
		Release|x86 = Release|x86
	EndGlobalSection
	GlobalSection(ProjectConfigurationPlatforms) = postSolution
		{D5F0A383-ED88-498B-A609-A101A6F77337}.Debug|Any CPU.ActiveCfg = Debug|Any CPU
		{D5F0A383-ED88-498B-A609-A101A6F77337}.Debug|Any CPU.Build.0 = Debug|Any CPU
		{D5F0A383-ED88-498B-A609-A101A6F77337}.Debug|x64.ActiveCfg = Debug|Any CPU
		{D5F0A383-ED88-498B-A609-A101A6F77337}.Debug|x64.Build.0 = Debug|Any CPU
		{D5F0A383-ED88-498B-A609-A101A6F77337}.Debug|x86.ActiveCfg = Debug|Any CPU
		{D5F0A383-ED88-498B-A609-A101A6F77337}.Debug|x86.Build.0 = Debug|Any CPU
		{D5F0A383-ED88-498B-A609-A101A6F77337}.Release|Any CPU.ActiveCfg = Release|Any CPU
		{D5F0A383-ED88-498B-A609-A101A6F77337}.Release|Any CPU.Build.0 = Release|Any CPU
		{D5F0A383-ED88-498B-A609-A101A6F77337}.Release|x64.ActiveCfg = Release|Any CPU
		{D5F0A383-ED88-498B-A609-A101A6F77337}.Release|x64.Build.0 = Release|Any CPU
		{D5F0A383-ED88-498B-A609-A101A6F77337}.Release|x86.ActiveCfg = Release|Any CPU
		{D5F0A383-ED88-498B-A609-A101A6F77337}.Release|x86.Build.0 = Release|Any CPU
		{AA68FFCF-6F55-4CE9-9752-7E730A7BAF0A}.Debug|Any CPU.ActiveCfg = Debug|Any CPU
		{AA68FFCF-6F55-4CE9-9752-7E730A7BAF0A}.Debug|Any CPU.Build.0 = Debug|Any CPU
		{AA68FFCF-6F55-4CE9-9752-7E730A7BAF0A}.Debug|x64.ActiveCfg = Debug|Any CPU
		{AA68FFCF-6F55-4CE9-9752-7E730A7BAF0A}.Debug|x64.Build.0 = Debug|Any CPU
		{AA68FFCF-6F55-4CE9-9752-7E730A7BAF0A}.Debug|x86.ActiveCfg = Debug|Any CPU
		{AA68FFCF-6F55-4CE9-9752-7E730A7BAF0A}.Debug|x86.Build.0 = Debug|Any CPU
		{AA68FFCF-6F55-4CE9-9752-7E730A7BAF0A}.Release|Any CPU.ActiveCfg = Release|Any CPU
		{AA68FFCF-6F55-4CE9-9752-7E730A7BAF0A}.Release|Any CPU.Build.0 = Release|Any CPU
		{AA68FFCF-6F55-4CE9-9752-7E730A7BAF0A}.Release|x64.ActiveCfg = Release|Any CPU
		{AA68FFCF-6F55-4CE9-9752-7E730A7BAF0A}.Release|x64.Build.0 = Release|Any CPU
		{AA68FFCF-6F55-4CE9-9752-7E730A7BAF0A}.Release|x86.ActiveCfg = Release|Any CPU
		{AA68FFCF-6F55-4CE9-9752-7E730A7BAF0A}.Release|x86.Build.0 = Release|Any CPU
		{FFD815B6-795E-4336-8699-759E0A2612F1}.Debug|Any CPU.ActiveCfg = Debug|Any CPU
		{FFD815B6-795E-4336-8699-759E0A2612F1}.Debug|Any CPU.Build.0 = Debug|Any CPU
		{FFD815B6-795E-4336-8699-759E0A2612F1}.Debug|x64.ActiveCfg = Debug|Any CPU
		{FFD815B6-795E-4336-8699-759E0A2612F1}.Debug|x64.Build.0 = Debug|Any CPU
		{FFD815B6-795E-4336-8699-759E0A2612F1}.Debug|x86.ActiveCfg = Debug|Any CPU
		{FFD815B6-795E-4336-8699-759E0A2612F1}.Debug|x86.Build.0 = Debug|Any CPU
		{FFD815B6-795E-4336-8699-759E0A2612F1}.Release|Any CPU.ActiveCfg = Release|Any CPU
		{FFD815B6-795E-4336-8699-759E0A2612F1}.Release|Any CPU.Build.0 = Release|Any CPU
		{FFD815B6-795E-4336-8699-759E0A2612F1}.Release|x64.ActiveCfg = Release|Any CPU
		{FFD815B6-795E-4336-8699-759E0A2612F1}.Release|x64.Build.0 = Release|Any CPU
		{FFD815B6-795E-4336-8699-759E0A2612F1}.Release|x86.ActiveCfg = Release|Any CPU
		{FFD815B6-795E-4336-8699-759E0A2612F1}.Release|x86.Build.0 = Release|Any CPU
		{900D2DE4-BE34-4E8D-9156-F27AF777889F}.Debug|Any CPU.ActiveCfg = Debug|Any CPU
		{900D2DE4-BE34-4E8D-9156-F27AF777889F}.Debug|Any CPU.Build.0 = Debug|Any CPU
		{900D2DE4-BE34-4E8D-9156-F27AF777889F}.Debug|x64.ActiveCfg = Debug|Any CPU
		{900D2DE4-BE34-4E8D-9156-F27AF777889F}.Debug|x64.Build.0 = Debug|Any CPU
		{900D2DE4-BE34-4E8D-9156-F27AF777889F}.Debug|x86.ActiveCfg = Debug|Any CPU
		{900D2DE4-BE34-4E8D-9156-F27AF777889F}.Debug|x86.Build.0 = Debug|Any CPU
		{900D2DE4-BE34-4E8D-9156-F27AF777889F}.Release|Any CPU.ActiveCfg = Release|Any CPU
		{900D2DE4-BE34-4E8D-9156-F27AF777889F}.Release|Any CPU.Build.0 = Release|Any CPU
		{900D2DE4-BE34-4E8D-9156-F27AF777889F}.Release|x64.ActiveCfg = Release|Any CPU
		{900D2DE4-BE34-4E8D-9156-F27AF777889F}.Release|x64.Build.0 = Release|Any CPU
		{900D2DE4-BE34-4E8D-9156-F27AF777889F}.Release|x86.ActiveCfg = Release|Any CPU
		{900D2DE4-BE34-4E8D-9156-F27AF777889F}.Release|x86.Build.0 = Release|Any CPU
		{F139558B-9292-4255-BAD3-DEB34ECA0DC8}.Debug|Any CPU.ActiveCfg = Debug|Any CPU
		{F139558B-9292-4255-BAD3-DEB34ECA0DC8}.Debug|Any CPU.Build.0 = Debug|Any CPU
		{F139558B-9292-4255-BAD3-DEB34ECA0DC8}.Debug|x64.ActiveCfg = Debug|Any CPU
		{F139558B-9292-4255-BAD3-DEB34ECA0DC8}.Debug|x64.Build.0 = Debug|Any CPU
		{F139558B-9292-4255-BAD3-DEB34ECA0DC8}.Debug|x86.ActiveCfg = Debug|Any CPU
		{F139558B-9292-4255-BAD3-DEB34ECA0DC8}.Debug|x86.Build.0 = Debug|Any CPU
		{F139558B-9292-4255-BAD3-DEB34ECA0DC8}.Release|Any CPU.ActiveCfg = Release|Any CPU
		{F139558B-9292-4255-BAD3-DEB34ECA0DC8}.Release|Any CPU.Build.0 = Release|Any CPU
		{F139558B-9292-4255-BAD3-DEB34ECA0DC8}.Release|x64.ActiveCfg = Release|Any CPU
		{F139558B-9292-4255-BAD3-DEB34ECA0DC8}.Release|x64.Build.0 = Release|Any CPU
		{F139558B-9292-4255-BAD3-DEB34ECA0DC8}.Release|x86.ActiveCfg = Release|Any CPU
		{F139558B-9292-4255-BAD3-DEB34ECA0DC8}.Release|x86.Build.0 = Release|Any CPU
		{0C03C60B-B274-432D-A643-DA33A52D63C3}.Debug|Any CPU.ActiveCfg = Debug|Any CPU
		{0C03C60B-B274-432D-A643-DA33A52D63C3}.Debug|Any CPU.Build.0 = Debug|Any CPU
		{0C03C60B-B274-432D-A643-DA33A52D63C3}.Debug|x64.ActiveCfg = Debug|Any CPU
		{0C03C60B-B274-432D-A643-DA33A52D63C3}.Debug|x64.Build.0 = Debug|Any CPU
		{0C03C60B-B274-432D-A643-DA33A52D63C3}.Debug|x86.ActiveCfg = Debug|Any CPU
		{0C03C60B-B274-432D-A643-DA33A52D63C3}.Debug|x86.Build.0 = Debug|Any CPU
		{0C03C60B-B274-432D-A643-DA33A52D63C3}.Release|Any CPU.ActiveCfg = Release|Any CPU
		{0C03C60B-B274-432D-A643-DA33A52D63C3}.Release|Any CPU.Build.0 = Release|Any CPU
		{0C03C60B-B274-432D-A643-DA33A52D63C3}.Release|x64.ActiveCfg = Release|Any CPU
		{0C03C60B-B274-432D-A643-DA33A52D63C3}.Release|x64.Build.0 = Release|Any CPU
		{0C03C60B-B274-432D-A643-DA33A52D63C3}.Release|x86.ActiveCfg = Release|Any CPU
		{0C03C60B-B274-432D-A643-DA33A52D63C3}.Release|x86.Build.0 = Release|Any CPU
		{C74DBDDA-F17F-4C3E-B9DE-8C0DD0A6FA27}.Debug|Any CPU.ActiveCfg = Debug|Any CPU
		{C74DBDDA-F17F-4C3E-B9DE-8C0DD0A6FA27}.Debug|Any CPU.Build.0 = Debug|Any CPU
		{C74DBDDA-F17F-4C3E-B9DE-8C0DD0A6FA27}.Debug|x64.ActiveCfg = Debug|Any CPU
		{C74DBDDA-F17F-4C3E-B9DE-8C0DD0A6FA27}.Debug|x64.Build.0 = Debug|Any CPU
		{C74DBDDA-F17F-4C3E-B9DE-8C0DD0A6FA27}.Debug|x86.ActiveCfg = Debug|Any CPU
		{C74DBDDA-F17F-4C3E-B9DE-8C0DD0A6FA27}.Debug|x86.Build.0 = Debug|Any CPU
		{C74DBDDA-F17F-4C3E-B9DE-8C0DD0A6FA27}.Release|Any CPU.ActiveCfg = Release|Any CPU
		{C74DBDDA-F17F-4C3E-B9DE-8C0DD0A6FA27}.Release|Any CPU.Build.0 = Release|Any CPU
		{C74DBDDA-F17F-4C3E-B9DE-8C0DD0A6FA27}.Release|x64.ActiveCfg = Release|Any CPU
		{C74DBDDA-F17F-4C3E-B9DE-8C0DD0A6FA27}.Release|x64.Build.0 = Release|Any CPU
		{C74DBDDA-F17F-4C3E-B9DE-8C0DD0A6FA27}.Release|x86.ActiveCfg = Release|Any CPU
		{C74DBDDA-F17F-4C3E-B9DE-8C0DD0A6FA27}.Release|x86.Build.0 = Release|Any CPU
		{0F6361FD-6BB2-4AFC-A994-435ADA815EDB}.Debug|Any CPU.ActiveCfg = Debug|Any CPU
		{0F6361FD-6BB2-4AFC-A994-435ADA815EDB}.Debug|Any CPU.Build.0 = Debug|Any CPU
		{0F6361FD-6BB2-4AFC-A994-435ADA815EDB}.Debug|x64.ActiveCfg = Debug|Any CPU
		{0F6361FD-6BB2-4AFC-A994-435ADA815EDB}.Debug|x64.Build.0 = Debug|Any CPU
		{0F6361FD-6BB2-4AFC-A994-435ADA815EDB}.Debug|x86.ActiveCfg = Debug|Any CPU
		{0F6361FD-6BB2-4AFC-A994-435ADA815EDB}.Debug|x86.Build.0 = Debug|Any CPU
		{0F6361FD-6BB2-4AFC-A994-435ADA815EDB}.Release|Any CPU.ActiveCfg = Release|Any CPU
		{0F6361FD-6BB2-4AFC-A994-435ADA815EDB}.Release|Any CPU.Build.0 = Release|Any CPU
		{0F6361FD-6BB2-4AFC-A994-435ADA815EDB}.Release|x64.ActiveCfg = Release|Any CPU
		{0F6361FD-6BB2-4AFC-A994-435ADA815EDB}.Release|x64.Build.0 = Release|Any CPU
		{0F6361FD-6BB2-4AFC-A994-435ADA815EDB}.Release|x86.ActiveCfg = Release|Any CPU
		{0F6361FD-6BB2-4AFC-A994-435ADA815EDB}.Release|x86.Build.0 = Release|Any CPU
	EndGlobalSection
	GlobalSection(SolutionProperties) = preSolution
		HideSolutionNode = FALSE
	EndGlobalSection
	GlobalSection(NestedProjects) = preSolution
		{F139558B-9292-4255-BAD3-DEB34ECA0DC8} = {59A9BA47-9759-477B-9E83-140F1801504A}
		{0C03C60B-B274-432D-A643-DA33A52D63C3} = {59A9BA47-9759-477B-9E83-140F1801504A}
		{C74DBDDA-F17F-4C3E-B9DE-8C0DD0A6FA27} = {59A9BA47-9759-477B-9E83-140F1801504A}
		{0F6361FD-6BB2-4AFC-A994-435ADA815EDB} = {59A9BA47-9759-477B-9E83-140F1801504A}
	EndGlobalSection
EndGlobal
